
Microsoft Visual Studio Solution File, Format Version 12.00
# Visual Studio Version 16
VisualStudioVersion = 16.0.30523.141
MinimumVisualStudioVersion = 10.0.40219.1
Project("{9A19103F-16F7-4668-BE54-9A1E7A4F7556}") = "MFA", "ProiectMDS\MFA.csproj", "{22D9AD9A-DB19-4971-9582-D673E10AEE29}"
EndProject
Global
	GlobalSection(SolutionConfigurationPlatforms) = preSolution
		Debug|Any CPU = Debug|Any CPU
		Release|Any CPU = Release|Any CPU
	EndGlobalSection
	GlobalSection(ProjectConfigurationPlatforms) = postSolution
		{22D9AD9A-DB19-4971-9582-D673E10AEE29}.Debug|Any CPU.ActiveCfg = Debug|Any CPU
		{22D9AD9A-DB19-4971-9582-D673E10AEE29}.Debug|Any CPU.Build.0 = Debug|Any CPU
		{22D9AD9A-DB19-4971-9582-D673E10AEE29}.Release|Any CPU.ActiveCfg = Release|Any CPU
		{22D9AD9A-DB19-4971-9582-D673E10AEE29}.Release|Any CPU.Build.0 = Release|Any CPU
	EndGlobalSection
	GlobalSection(SolutionProperties) = preSolution
		HideSolutionNode = FALSE
	EndGlobalSection
	GlobalSection(ExtensibilityGlobals) = postSolution
		SolutionGuid = {0EABE436-BB8E-4601-955E-82EA4F06C617}
	EndGlobalSection
EndGlobal
